// !$*UTF8*$!
{
	archiveVersion = 1;
	classes = {
	};
	objectVersion = 77;
	objects = {

/* Begin PBXContainerItemProxy section */
		37361DEE2E33FCCA00909D7E /* PBXContainerItemProxy */ = {
			isa = PBXContainerItemProxy;
			containerPortal = 37361DD82E33FCC900909D7E /* Project object */;
			proxyType = 1;
			remoteGlobalIDString = 37361DDF2E33FCC900909D7E;
			remoteInfo = FutureGolf;
		};
		37361DF82E33FCCA00909D7E /* PBXContainerItemProxy */ = {
			isa = PBXContainerItemProxy;
			containerPortal = 37361DD82E33FCC900909D7E /* Project object */;
			proxyType = 1;
			remoteGlobalIDString = 37361DDF2E33FCC900909D7E;
			remoteInfo = FutureGolf;
		};
/* End PBXContainerItemProxy section */

/* Begin PBXFileReference section */
		37361DE02E33FCC900909D7E /* FutureGolf.app */ = {isa = PBXFileReference; explicitFileType = wrapper.application; includeInIndex = 0; path = FutureGolf.app; sourceTree = BUILT_PRODUCTS_DIR; };
		37361DED2E33FCCA00909D7E /* FutureGolfTests.xctest */ = {isa = PBXFileReference; explicitFileType = wrapper.cfbundle; includeInIndex = 0; path = FutureGolfTests.xctest; sourceTree = BUILT_PRODUCTS_DIR; };
		37361DF72E33FCCA00909D7E /* FutureGolfUITests.xctest */ = {isa = PBXFileReference; explicitFileType = wrapper.cfbundle; includeInIndex = 0; path = FutureGolfUITests.xctest; sourceTree = BUILT_PRODUCTS_DIR; };
/* End PBXFileReference section */

/* Begin PBXFileSystemSynchronizedBuildFileExceptionSet section */
		D3AF1B3A2E38E86B0024673F /* Exceptions for "FutureGolf" folder in "FutureGolfTests" target */ = {
			isa = PBXFileSystemSynchronizedBuildFileExceptionSet;
			membershipExceptions = (
				golf1.mp4,
			);
			target = 37361DEC2E33FCCA00909D7E /* FutureGolfTests */;
		};
		D3AF1B3B2E38E86B0024673F /* Exceptions for "FutureGolf" folder in "FutureGolfUITests" target */ = {
			isa = PBXFileSystemSynchronizedBuildFileExceptionSet;
			membershipExceptions = (
				golf1.mp4,
			);
			target = 37361DF62E33FCCA00909D7E /* FutureGolfUITests */;
		};
/* End PBXFileSystemSynchronizedBuildFileExceptionSet section */

/* Begin PBXFileSystemSynchronizedRootGroup section */
		37361DE22E33FCC900909D7E /* FutureGolf */ = {
			isa = PBXFileSystemSynchronizedRootGroup;
			exceptions = (
				D3AF1B3A2E38E86B0024673F /* Exceptions for "FutureGolf" folder in "FutureGolfTests" target */,
				D3AF1B3B2E38E86B0024673F /* Exceptions for "FutureGolf" folder in "FutureGolfUITests" target */,
			);
			path = FutureGolf;
			sourceTree = "<group>";
		};
		37361DF02E33FCCA00909D7E /* FutureGolfTests */ = {
			isa = PBXFileSystemSynchronizedRootGroup;
			path = FutureGolfTests;
			sourceTree = "<group>";
		};
		37361DFA2E33FCCA00909D7E /* FutureGolfUITests */ = {
			isa = PBXFileSystemSynchronizedRootGroup;
			path = FutureGolfUITests;
			sourceTree = "<group>";
		};
/* End PBXFileSystemSynchronizedRootGroup section */

/* Begin PBXFrameworksBuildPhase section */
		37361DDD2E33FCC900909D7E /* Frameworks */ = {
			isa = PBXFrameworksBuildPhase;
			buildActionMask = 2147483647;
			files = (
			);
			runOnlyForDeploymentPostprocessing = 0;
		};
		37361DEA2E33FCCA00909D7E /* Frameworks */ = {
			isa = PBXFrameworksBuildPhase;
			buildActionMask = 2147483647;
			files = (
			);
			runOnlyForDeploymentPostprocessing = 0;
		};
		37361DF42E33FCCA00909D7E /* Frameworks */ = {
			isa = PBXFrameworksBuildPhase;
			buildActionMask = 2147483647;
			files = (
			);
			runOnlyForDeploymentPostprocessing = 0;
		};
/* End PBXFrameworksBuildPhase section */

/* Begin PBXGroup section */
		37361DD72E33FCC900909D7E = {
			isa = PBXGroup;
			children = (
				37361DE22E33FCC900909D7E /* FutureGolf */,
				37361DF02E33FCCA00909D7E /* FutureGolfTests */,
				37361DFA2E33FCCA00909D7E /* FutureGolfUITests */,
				37361DE12E33FCC900909D7E /* Products */,
			);
			sourceTree = "<group>";
		};
		37361DE12E33FCC900909D7E /* Products */ = {
			isa = PBXGroup;
			children = (
				37361DE02E33FCC900909D7E /* FutureGolf.app */,
				37361DED2E33FCCA00909D7E /* FutureGolfTests.xctest */,
				37361DF72E33FCCA00909D7E /* FutureGolfUITests.xctest */,
			);
			name = Products;
			sourceTree = "<group>";
		};
/* End PBXGroup section */

/* Begin PBXNativeTarget section */
		37361DDF2E33FCC900909D7E /* FutureGolf */ = {
			isa = PBXNativeTarget;
			buildConfigurationList = 37361E012E33FCCA00909D7E /* Build configuration list for PBXNativeTarget "FutureGolf" */;
			buildPhases = (
				37361DDC2E33FCC900909D7E /* Sources */,
				37361DDD2E33FCC900909D7E /* Frameworks */,
				37361DDE2E33FCC900909D7E /* Resources */,
			);
			buildRules = (
			);
			dependencies = (
			);
			fileSystemSynchronizedGroups = (
				37361DE22E33FCC900909D7E /* FutureGolf */,
			);
			name = FutureGolf;
			packageProductDependencies = (
			);
			productName = FutureGolf;
			productReference = 37361DE02E33FCC900909D7E /* FutureGolf.app */;
			productType = "com.apple.product-type.application";
		};
		37361DEC2E33FCCA00909D7E /* FutureGolfTests */ = {
			isa = PBXNativeTarget;
			buildConfigurationList = 37361E042E33FCCA00909D7E /* Build configuration list for PBXNativeTarget "FutureGolfTests" */;
			buildPhases = (
				37361DE92E33FCCA00909D7E /* Sources */,
				37361DEA2E33FCCA00909D7E /* Frameworks */,
				37361DEB2E33FCCA00909D7E /* Resources */,
			);
			buildRules = (
			);
			dependencies = (
				37361DEF2E33FCCA00909D7E /* PBXTargetDependency */,
			);
			fileSystemSynchronizedGroups = (
				37361DF02E33FCCA00909D7E /* FutureGolfTests */,
			);
			name = FutureGolfTests;
			packageProductDependencies = (
			);
			productName = FutureGolfTests;
			productReference = 37361DED2E33FCCA00909D7E /* FutureGolfTests.xctest */;
			productType = "com.apple.product-type.bundle.unit-test";
		};
		37361DF62E33FCCA00909D7E /* FutureGolfUITests */ = {
			isa = PBXNativeTarget;
			buildConfigurationList = 37361E072E33FCCA00909D7E /* Build configuration list for PBXNativeTarget "FutureGolfUITests" */;
			buildPhases = (
				37361DF32E33FCCA00909D7E /* Sources */,
				37361DF42E33FCCA00909D7E /* Frameworks */,
				37361DF52E33FCCA00909D7E /* Resources */,
			);
			buildRules = (
			);
			dependencies = (
				37361DF92E33FCCA00909D7E /* PBXTargetDependency */,
			);
			fileSystemSynchronizedGroups = (
				37361DFA2E33FCCA00909D7E /* FutureGolfUITests */,
			);
			name = FutureGolfUITests;
			packageProductDependencies = (
			);
			productName = FutureGolfUITests;
			productReference = 37361DF72E33FCCA00909D7E /* FutureGolfUITests.xctest */;
			productType = "com.apple.product-type.bundle.ui-testing";
		};
/* End PBXNativeTarget section */

/* Begin PBXProject section */
		37361DD82E33FCC900909D7E /* Project object */ = {
			isa = PBXProject;
			attributes = {
				BuildIndependentTargetsInParallel = 1;
				LastSwiftUpdateCheck = 2600;
				LastUpgradeCheck = 2600;
				TargetAttributes = {
					37361DDF2E33FCC900909D7E = {
						CreatedOnToolsVersion = 26.0;
					};
					37361DEC2E33FCCA00909D7E = {
						CreatedOnToolsVersion = 26.0;
						TestTargetID = 37361DDF2E33FCC900909D7E;
					};
					37361DF62E33FCCA00909D7E = {
						CreatedOnToolsVersion = 26.0;
						TestTargetID = 37361DDF2E33FCC900909D7E;
					};
				};
			};
			buildConfigurationList = 37361DDB2E33FCC900909D7E /* Build configuration list for PBXProject "FutureGolf" */;
			developmentRegion = en;
			hasScannedForEncodings = 0;
			knownRegions = (
				en,
				Base,
			);
			mainGroup = 37361DD72E33FCC900909D7E;
			minimizedProjectReferenceProxies = 1;
			preferredProjectObjectVersion = 77;
			productRefGroup = 37361DE12E33FCC900909D7E /* Products */;
			projectDirPath = "";
			projectRoot = "";
			targets = (
				37361DDF2E33FCC900909D7E /* FutureGolf */,
				37361DEC2E33FCCA00909D7E /* FutureGolfTests */,
				37361DF62E33FCCA00909D7E /* FutureGolfUITests */,
			);
		};
/* End PBXProject section */

/* Begin PBXResourcesBuildPhase section */
		37361DDE2E33FCC900909D7E /* Resources */ = {
			isa = PBXResourcesBuildPhase;
			buildActionMask = 2147483647;
			files = (
			);
			runOnlyForDeploymentPostprocessing = 0;
		};
		37361DEB2E33FCCA00909D7E /* Resources */ = {
			isa = PBXResourcesBuildPhase;
			buildActionMask = 2147483647;
			files = (
			);
			runOnlyForDeploymentPostprocessing = 0;
		};
		37361DF52E33FCCA00909D7E /* Resources */ = {
			isa = PBXResourcesBuildPhase;
			buildActionMask = 2147483647;
			files = (
			);
			runOnlyForDeploymentPostprocessing = 0;
		};
/* End PBXResourcesBuildPhase section */

/* Begin PBXSourcesBuildPhase section */
		37361DDC2E33FCC900909D7E /* Sources */ = {
			isa = PBXSourcesBuildPhase;
			buildActionMask = 2147483647;
			files = (
			);
			runOnlyForDeploymentPostprocessing = 0;
		};
		37361DE92E33FCCA00909D7E /* Sources */ = {
			isa = PBXSourcesBuildPhase;
			buildActionMask = 2147483647;
			files = (
			);
			runOnlyForDeploymentPostprocessing = 0;
		};
		37361DF32E33FCCA00909D7E /* Sources */ = {
			isa = PBXSourcesBuildPhase;
			buildActionMask = 2147483647;
			files = (
			);
			runOnlyForDeploymentPostprocessing = 0;
		};
/* End PBXSourcesBuildPhase section */

/* Begin PBXTargetDependency section */
		37361DEF2E33FCCA00909D7E /* PBXTargetDependency */ = {
			isa = PBXTargetDependency;
			target = 37361DDF2E33FCC900909D7E /* FutureGolf */;
			targetProxy = 37361DEE2E33FCCA00909D7E /* PBXContainerItemProxy */;
		};
		37361DF92E33FCCA00909D7E /* PBXTargetDependency */ = {
			isa = PBXTargetDependency;
			target = 37361DDF2E33FCC900909D7E /* FutureGolf */;
			targetProxy = 37361DF82E33FCCA00909D7E /* PBXContainerItemProxy */;
		};
/* End PBXTargetDependency section */

/* Begin XCBuildConfiguration section */
		37361DFF2E33FCCA00909D7E /* Debug */ = {
			isa = XCBuildConfiguration;
			buildSettings = {
				ALWAYS_SEARCH_USER_PATHS = NO;
				ASSETCATALOG_COMPILER_GENERATE_SWIFT_ASSET_SYMBOL_EXTENSIONS = YES;
				CLANG_ANALYZER_NONNULL = YES;
				CLANG_ANALYZER_NUMBER_OBJECT_CONVERSION = YES_AGGRESSIVE;
				CLANG_CXX_LANGUAGE_STANDARD = "gnu++20";
				CLANG_ENABLE_MODULES = YES;
				CLANG_ENABLE_OBJC_ARC = YES;
				CLANG_ENABLE_OBJC_WEAK = YES;
				CLANG_WARN_BLOCK_CAPTURE_AUTORELEASING = YES;
				CLANG_WARN_BOOL_CONVERSION = YES;
				CLANG_WARN_COMMA = YES;
				CLANG_WARN_CONSTANT_CONVERSION = YES;
				CLANG_WARN_DEPRECATED_OBJC_IMPLEMENTATIONS = YES;
				CLANG_WARN_DIRECT_OBJC_ISA_USAGE = YES_ERROR;
				CLANG_WARN_DOCUMENTATION_COMMENTS = YES;
				CLANG_WARN_EMPTY_BODY = YES;
				CLANG_WARN_ENUM_CONVERSION = YES;
				CLANG_WARN_INFINITE_RECURSION = YES;
				CLANG_WARN_INT_CONVERSION = YES;
				CLANG_WARN_NON_LITERAL_NULL_CONVERSION = YES;
				CLANG_WARN_OBJC_IMPLICIT_RETAIN_SELF = YES;
				CLANG_WARN_OBJC_LITERAL_CONVERSION = YES;
				CLANG_WARN_OBJC_ROOT_CLASS = YES_ERROR;
				CLANG_WARN_QUOTED_INCLUDE_IN_FRAMEWORK_HEADER = YES;
				CLANG_WARN_RANGE_LOOP_ANALYSIS = YES;
				CLANG_WARN_STRICT_PROTOTYPES = YES;
				CLANG_WARN_SUSPICIOUS_MOVE = YES;
				CLANG_WARN_UNGUARDED_AVAILABILITY = YES_AGGRESSIVE;
				CLANG_WARN_UNREACHABLE_CODE = YES;
				CLANG_WARN__DUPLICATE_METHOD_MATCH = YES;
				COPY_PHASE_STRIP = NO;
				DEBUG_INFORMATION_FORMAT = dwarf;
				ENABLE_STRICT_OBJC_MSGSEND = YES;
				ENABLE_TESTABILITY = YES;
				ENABLE_USER_SCRIPT_SANDBOXING = YES;
				GCC_C_LANGUAGE_STANDARD = gnu17;
				GCC_DYNAMIC_NO_PIC = NO;
				GCC_NO_COMMON_BLOCKS = YES;
				GCC_OPTIMIZATION_LEVEL = 0;
				GCC_PREPROCESSOR_DEFINITIONS = (
					"DEBUG=1",
					"$(inherited)",
				);
				GCC_WARN_64_TO_32_BIT_CONVERSION = YES;
				GCC_WARN_ABOUT_RETURN_TYPE = YES_ERROR;
				GCC_WARN_UNDECLARED_SELECTOR = YES;
				GCC_WARN_UNINITIALIZED_AUTOS = YES_AGGRESSIVE;
				GCC_WARN_UNUSED_FUNCTION = YES;
				GCC_WARN_UNUSED_VARIABLE = YES;
				IPHONEOS_DEPLOYMENT_TARGET = 18.0;
				LOCALIZATION_PREFERS_STRING_CATALOGS = YES;
				MTL_ENABLE_DEBUG_INFO = INCLUDE_SOURCE;
				MTL_FAST_MATH = YES;
				ONLY_ACTIVE_ARCH = YES;
				SDKROOT = iphoneos;
				SWIFT_ACTIVE_COMPILATION_CONDITIONS = "DEBUG $(inherited)";
				SWIFT_OPTIMIZATION_LEVEL = "-Onone";
			};
			name = Debug;
		};
		37361E002E33FCCA00909D7E /* Release */ = {
			isa = XCBuildConfiguration;
			buildSettings = {
				ALWAYS_SEARCH_USER_PATHS = NO;
				ASSETCATALOG_COMPILER_GENERATE_SWIFT_ASSET_SYMBOL_EXTENSIONS = YES;
				CLANG_ANALYZER_NONNULL = YES;
				CLANG_ANALYZER_NUMBER_OBJECT_CONVERSION = YES_AGGRESSIVE;
				CLANG_CXX_LANGUAGE_STANDARD = "gnu++20";
				CLANG_ENABLE_MODULES = YES;
				CLANG_ENABLE_OBJC_ARC = YES;
				CLANG_ENABLE_OBJC_WEAK = YES;
				CLANG_WARN_BLOCK_CAPTURE_AUTORELEASING = YES;
				CLANG_WARN_BOOL_CONVERSION = YES;
				CLANG_WARN_COMMA = YES;
				CLANG_WARN_CONSTANT_CONVERSION = YES;
				CLANG_WARN_DEPRECATED_OBJC_IMPLEMENTATIONS = YES;
				CLANG_WARN_DIRECT_OBJC_ISA_USAGE = YES_ERROR;
				CLANG_WARN_DOCUMENTATION_COMMENTS = YES;
				CLANG_WARN_EMPTY_BODY = YES;
				CLANG_WARN_ENUM_CONVERSION = YES;
				CLANG_WARN_INFINITE_RECURSION = YES;
				CLANG_WARN_INT_CONVERSION = YES;
				CLANG_WARN_NON_LITERAL_NULL_CONVERSION = YES;
				CLANG_WARN_OBJC_IMPLICIT_RETAIN_SELF = YES;
				CLANG_WARN_OBJC_LITERAL_CONVERSION = YES;
				CLANG_WARN_OBJC_ROOT_CLASS = YES_ERROR;
				CLANG_WARN_QUOTED_INCLUDE_IN_FRAMEWORK_HEADER = YES;
				CLANG_WARN_RANGE_LOOP_ANALYSIS = YES;
				CLANG_WARN_STRICT_PROTOTYPES = YES;
				CLANG_WARN_SUSPICIOUS_MOVE = YES;
				CLANG_WARN_UNGUARDED_AVAILABILITY = YES_AGGRESSIVE;
				CLANG_WARN_UNREACHABLE_CODE = YES;
				CLANG_WARN__DUPLICATE_METHOD_MATCH = YES;
				COPY_PHASE_STRIP = NO;
				DEBUG_INFORMATION_FORMAT = "dwarf-with-dsym";
				ENABLE_NS_ASSERTIONS = NO;
				ENABLE_STRICT_OBJC_MSGSEND = YES;
				ENABLE_USER_SCRIPT_SANDBOXING = YES;
				GCC_C_LANGUAGE_STANDARD = gnu17;
				GCC_NO_COMMON_BLOCKS = YES;
				GCC_WARN_64_TO_32_BIT_CONVERSION = YES;
				GCC_WARN_ABOUT_RETURN_TYPE = YES_ERROR;
				GCC_WARN_UNDECLARED_SELECTOR = YES;
				GCC_WARN_UNINITIALIZED_AUTOS = YES_AGGRESSIVE;
				GCC_WARN_UNUSED_FUNCTION = YES;
				GCC_WARN_UNUSED_VARIABLE = YES;
				IPHONEOS_DEPLOYMENT_TARGET = 18.0;
				LOCALIZATION_PREFERS_STRING_CATALOGS = YES;
				MTL_ENABLE_DEBUG_INFO = NO;
				MTL_FAST_MATH = YES;
				SDKROOT = iphoneos;
				SWIFT_COMPILATION_MODE = wholemodule;
				VALIDATE_PRODUCT = YES;
			};
			name = Release;
		};
		37361E022E33FCCA00909D7E /* Debug */ = {
			isa = XCBuildConfiguration;
			buildSettings = {
				ASSETCATALOG_COMPILER_APPICON_NAME = AppIcon;
				ASSETCATALOG_COMPILER_GLOBAL_ACCENT_COLOR_NAME = AccentColor;
				CODE_SIGN_STYLE = Automatic;
				CURRENT_PROJECT_VERSION = 1;
				DEVELOPMENT_TEAM = 3TTWC3CWJ2;
				ENABLE_PREVIEWS = YES;
				GENERATE_INFOPLIST_FILE = YES;
				INFOPLIST_KEY_NSAppleMusicUsageDescription = "This app allows you to upload videos from your media library";
				INFOPLIST_KEY_NSCameraUsageDescription = "This app uses the camera to video record your swing";
				INFOPLIST_KEY_NSMicrophoneUsageDescription = "This app uses the microphone so you can communicate with it and issue it commands";
				INFOPLIST_KEY_NSSpeechRecognitionUsageDescription = "This app uses speech recognition to receive voice commands from you.";
				INFOPLIST_KEY_UIApplicationSceneManifest_Generation = YES;
				INFOPLIST_KEY_UIApplicationSupportsIndirectInputEvents = YES;
				INFOPLIST_KEY_UILaunchScreen_Generation = YES;
				INFOPLIST_KEY_UISupportedInterfaceOrientations_iPad = "UIInterfaceOrientationPortrait UIInterfaceOrientationPortraitUpsideDown UIInterfaceOrientationLandscapeLeft UIInterfaceOrientationLandscapeRight";
				INFOPLIST_KEY_UISupportedInterfaceOrientations_iPhone = "UIInterfaceOrientationPortrait UIInterfaceOrientationLandscapeLeft UIInterfaceOrientationLandscapeRight";
				IPHONEOS_DEPLOYMENT_TARGET = 18.0;
				LD_RUNPATH_SEARCH_PATHS = (
					"$(inherited)",
					"@executable_path/Frameworks",
				);
				MARKETING_VERSION = 1.0;
				PRODUCT_BUNDLE_IDENTIFIER = com.plumbly.FutureGolf;
				PRODUCT_NAME = "$(TARGET_NAME)";
				STRING_CATALOG_GENERATE_SYMBOLS = YES;
				SWIFT_APPROACHABLE_CONCURRENCY = YES;
				SWIFT_DEFAULT_ACTOR_ISOLATION = MainActor;
				SWIFT_EMIT_LOC_STRINGS = YES;
				SWIFT_UPCOMING_FEATURE_MEMBER_IMPORT_VISIBILITY = YES;
				SWIFT_VERSION = 5.0;
				TARGETED_DEVICE_FAMILY = "1,2";
			};
			name = Debug;
		};
		37361E032E33FCCA00909D7E /* Release */ = {
			isa = XCBuildConfiguration;
			buildSettings = {
				ASSETCATALOG_COMPILER_APPICON_NAME = AppIcon;
				ASSETCATALOG_COMPILER_GLOBAL_ACCENT_COLOR_NAME = AccentColor;
				CODE_SIGN_STYLE = Automatic;
				CURRENT_PROJECT_VERSION = 1;
				DEVELOPMENT_TEAM = 3TTWC3CWJ2;
				ENABLE_PREVIEWS = YES;
				GENERATE_INFOPLIST_FILE = YES;
				INFOPLIST_KEY_NSAppleMusicUsageDescription = "This app allows you to upload videos from your media library";
				INFOPLIST_KEY_NSCameraUsageDescription = "This app uses the camera to video record your swing";
				INFOPLIST_KEY_NSMicrophoneUsageDescription = "This app uses the microphone so you can communicate with it and issue it commands";
				INFOPLIST_KEY_NSSpeechRecognitionUsageDescription = "This app uses speech recognition to receive voice commands from you.";
				INFOPLIST_KEY_UIApplicationSceneManifest_Generation = YES;
				INFOPLIST_KEY_UIApplicationSupportsIndirectInputEvents = YES;
				INFOPLIST_KEY_UILaunchScreen_Generation = YES;
				INFOPLIST_KEY_UISupportedInterfaceOrientations_iPad = "UIInterfaceOrientationPortrait UIInterfaceOrientationPortraitUpsideDown UIInterfaceOrientationLandscapeLeft UIInterfaceOrientationLandscapeRight";
				INFOPLIST_KEY_UISupportedInterfaceOrientations_iPhone = "UIInterfaceOrientationPortrait UIInterfaceOrientationLandscapeLeft UIInterfaceOrientationLandscapeRight";
				IPHONEOS_DEPLOYMENT_TARGET = 18.0;
				LD_RUNPATH_SEARCH_PATHS = (
					"$(inherited)",
					"@executable_path/Frameworks",
				);
				MARKETING_VERSION = 1.0;
				PRODUCT_BUNDLE_IDENTIFIER = com.plumbly.FutureGolf;
				PRODUCT_NAME = "$(TARGET_NAME)";
				STRING_CATALOG_GENERATE_SYMBOLS = YES;
				SWIFT_APPROACHABLE_CONCURRENCY = YES;
				SWIFT_DEFAULT_ACTOR_ISOLATION = MainActor;
				SWIFT_EMIT_LOC_STRINGS = YES;
				SWIFT_UPCOMING_FEATURE_MEMBER_IMPORT_VISIBILITY = YES;
				SWIFT_VERSION = 5.0;
				TARGETED_DEVICE_FAMILY = "1,2";
			};
			name = Release;
		};
		37361E052E33FCCA00909D7E /* Debug */ = {
			isa = XCBuildConfiguration;
			buildSettings = {
				BUNDLE_LOADER = "$(TEST_HOST)";
				CODE_SIGN_STYLE = Automatic;
				CURRENT_PROJECT_VERSION = 1;
				GENERATE_INFOPLIST_FILE = YES;
				IPHONEOS_DEPLOYMENT_TARGET = 18.0;
				MARKETING_VERSION = 1.0;
				PRODUCT_BUNDLE_IDENTIFIER = com.plumbly.FutureGolfTests;
				PRODUCT_NAME = "$(TARGET_NAME)";
				STRING_CATALOG_GENERATE_SYMBOLS = NO;
				SWIFT_APPROACHABLE_CONCURRENCY = YES;
				SWIFT_EMIT_LOC_STRINGS = NO;
				SWIFT_UPCOMING_FEATURE_MEMBER_IMPORT_VISIBILITY = YES;
				SWIFT_VERSION = 5.0;
				TARGETED_DEVICE_FAMILY = "1,2";
				TEST_HOST = "$(BUILT_PRODUCTS_DIR)/FutureGolf.app/$(BUNDLE_EXECUTABLE_FOLDER_PATH)/FutureGolf";
			};
			name = Debug;
		};
		37361E062E33FCCA00909D7E /* Release */ = {
			isa = XCBuildConfiguration;
			buildSettings = {
				BUNDLE_LOADER = "$(TEST_HOST)";
				CODE_SIGN_STYLE = Automatic;
				CURRENT_PROJECT_VERSION = 1;
				GENERATE_INFOPLIST_FILE = YES;
				IPHONEOS_DEPLOYMENT_TARGET = 18.0;
				MARKETING_VERSION = 1.0;
				PRODUCT_BUNDLE_IDENTIFIER = com.plumbly.FutureGolfTests;
				PRODUCT_NAME = "$(TARGET_NAME)";
				STRING_CATALOG_GENERATE_SYMBOLS = NO;
				SWIFT_APPROACHABLE_CONCURRENCY = YES;
				SWIFT_EMIT_LOC_STRINGS = NO;
				SWIFT_UPCOMING_FEATURE_MEMBER_IMPORT_VISIBILITY = YES;
				SWIFT_VERSION = 5.0;
				TARGETED_DEVICE_FAMILY = "1,2";
				TEST_HOST = "$(BUILT_PRODUCTS_DIR)/FutureGolf.app/$(BUNDLE_EXECUTABLE_FOLDER_PATH)/FutureGolf";
			};
			name = Release;
		};
		37361E082E33FCCA00909D7E /* Debug */ = {
			isa = XCBuildConfiguration;
			buildSettings = {
				CODE_SIGN_STYLE = Automatic;
				CURRENT_PROJECT_VERSION = 1;
				GENERATE_INFOPLIST_FILE = YES;
				MARKETING_VERSION = 1.0;
				PRODUCT_BUNDLE_IDENTIFIER = com.plumbly.FutureGolfUITests;
				PRODUCT_NAME = "$(TARGET_NAME)";
				STRING_CATALOG_GENERATE_SYMBOLS = NO;
				SWIFT_APPROACHABLE_CONCURRENCY = YES;
				SWIFT_EMIT_LOC_STRINGS = NO;
				SWIFT_UPCOMING_FEATURE_MEMBER_IMPORT_VISIBILITY = YES;
				SWIFT_VERSION = 5.0;
				TARGETED_DEVICE_FAMILY = "1,2";
				TEST_TARGET_NAME = FutureGolf;
			};
			name = Debug;
		};
		37361E092E33FCCA00909D7E /* Release */ = {
			isa = XCBuildConfiguration;
			buildSettings = {
				CODE_SIGN_STYLE = Automatic;
				CURRENT_PROJECT_VERSION = 1;
				GENERATE_INFOPLIST_FILE = YES;
				MARKETING_VERSION = 1.0;
				PRODUCT_BUNDLE_IDENTIFIER = com.plumbly.FutureGolfUITests;
				PRODUCT_NAME = "$(TARGET_NAME)";
				STRING_CATALOG_GENERATE_SYMBOLS = NO;
				SWIFT_APPROACHABLE_CONCURRENCY = YES;
				SWIFT_EMIT_LOC_STRINGS = NO;
				SWIFT_UPCOMING_FEATURE_MEMBER_IMPORT_VISIBILITY = YES;
				SWIFT_VERSION = 5.0;
				TARGETED_DEVICE_FAMILY = "1,2";
				TEST_TARGET_NAME = FutureGolf;
			};
			name = Release;
		};
/* End XCBuildConfiguration section */

/* Begin XCConfigurationList section */
		37361DDB2E33FCC900909D7E /* Build configuration list for PBXProject "FutureGolf" */ = {
			isa = XCConfigurationList;
			buildConfigurations = (
				37361DFF2E33FCCA00909D7E /* Debug */,
				37361E002E33FCCA00909D7E /* Release */,
			);
			defaultConfigurationIsVisible = 0;
			defaultConfigurationName = Release;
		};
		37361E012E33FCCA00909D7E /* Build configuration list for PBXNativeTarget "FutureGolf" */ = {
			isa = XCConfigurationList;
			buildConfigurations = (
				37361E022E33FCCA00909D7E /* Debug */,
				37361E032E33FCCA00909D7E /* Release */,
			);
			defaultConfigurationIsVisible = 0;
			defaultConfigurationName = Release;
		};
		37361E042E33FCCA00909D7E /* Build configuration list for PBXNativeTarget "FutureGolfTests" */ = {
			isa = XCConfigurationList;
			buildConfigurations = (
				37361E052E33FCCA00909D7E /* Debug */,
				37361E062E33FCCA00909D7E /* Release */,
			);
			defaultConfigurationIsVisible = 0;
			defaultConfigurationName = Release;
		};
		37361E072E33FCCA00909D7E /* Build configuration list for PBXNativeTarget "FutureGolfUITests" */ = {
			isa = XCConfigurationList;
			buildConfigurations = (
				37361E082E33FCCA00909D7E /* Debug */,
				37361E092E33FCCA00909D7E /* Release */,
			);
			defaultConfigurationIsVisible = 0;
			defaultConfigurationName = Release;
		};
/* End XCConfigurationList section */
	};
	rootObject = 37361DD82E33FCC900909D7E /* Project object */;
}
